{
  "version": 4,
  "terraform_version": "1.1.9",
  "serial": 137,
  "lineage": "0ae39a93-37c0-4481-72b9-13ea05906ed9",
  "outputs": {
    "external_ip_address_vm_1": {
      "value": "51.250.77.11",
      "type": "string"
    },
    "external_ip_address_vm_1_2": {
      "value": "51.250.77.11",
      "type": "string"
    },
    "external_ip_address_vm_2": {
      "value": "51.250.85.153",
      "type": "string"
    },
    "internal_ip_address_vm_1": {
      "value": "192.168.10.16",
      "type": "string"
    },
    "internal_ip_address_vm_1_2": {
      "value": "192.168.10.16",
      "type": "string"
    },
    "internal_ip_address_vm_2": {
      "value": "192.168.10.21",
      "type": "string"
    }
  },
  "resources": [
    {
      "mode": "managed",
      "type": "yandex_compute_instance",
      "name": "vm-1",
      "provider": "provider[\"terraform-registry.storage.yandexcloud.net/yandex-cloud/yandex\"]",
      "instances": [
        {
          "schema_version": 1,
          "attributes": {
            "allow_stopping_for_update": null,
            "boot_disk": [
              {
                "auto_delete": true,
                "device_name": "fhme15s64qllu4gpcsbg",
                "disk_id": "fhme15s64qllu4gpcsbg",
                "initialize_params": [
                  {
                    "block_size": 4096,
                    "description": "",
                    "image_id": "fd804nmi5gak42ae1dcq",
                    "name": "",
                    "size": 8,
                    "snapshot_id": "",
                    "type": "network-hdd"
                  }
                ],
                "mode": "READ_WRITE"
              }
            ],
            "created_at": "2022-05-29T09:30:14Z",
            "description": "",
            "folder_id": "b1gpmkgkelhh6qkiv6ph",
            "fqdn": "fhmenu0bn7kle3mgts45.auto.internal",
            "hostname": "fhmenu0bn7kle3mgts45",
            "id": "fhmenu0bn7kle3mgts45",
            "labels": null,
            "metadata": {
              "user-data": "#cloud-config\nusers:\n  - name: debain\n    groups: sudo\n    shell: /bin/bash\n    sudo: ['ALL=(ALL) NOPASSWD:ALL']\n    ssh-authorized-keys:\n      - ssh-rsa AAAAB3NzaC1yc2EAAAADAQABAAABAQDN+RyeTGVn5yb0ee7UUFlVPiZ966J0jIhYSBrzOVacIuOI94lTg2fZ3kPrgZmPfwe6VHJ6nAUmdtNTMQecKkSarPMEBLadiVx8ampXisZIVUx0T2/UyF0bXNVnpp+IX9woZTcwX7z/QNtDWq9makEzN+w6F8C4YpIrRI56wMnWfByFnk7TXLl+sPm68+a+TSAv9SenmhxskmlrqdTDrkrXxkdAYJOMZ8BNjJr+yTBb/HLRSNv29OC8xoo+TkKoAJ8G6w5iaZ30qv0PZbdKe7VkYOsA4+t7rRO/cAitAGh0v2FvdrD+XWlIdf4F6FptEeYRY4v8Fak5q2O7SLIGSCML debain@example.com\n"
            },
            "name": "terraform1-front",
            "network_acceleration_type": "standard",
            "network_interface": [
              {
                "dns_record": [],
                "index": 0,
                "ip_address": "192.168.10.16",
                "ipv4": true,
                "ipv6": false,
                "ipv6_address": "",
                "ipv6_dns_record": [],
                "mac_address": "d0:0d:eb:f8:0b:b9",
                "nat": true,
                "nat_dns_record": [],
                "nat_ip_address": "51.250.77.11",
                "nat_ip_version": "IPV4",
                "security_group_ids": [],
                "subnet_id": "e9b5d5dviei3bl4tmpf0"
              }
            ],
            "placement_policy": [
              {
                "placement_group_id": ""
              }
            ],
            "platform_id": "standard-v1",
            "resources": [
              {
                "core_fraction": 100,
                "cores": 2,
                "gpus": 0,
                "memory": 2
              }
            ],
            "scheduling_policy": [
              {
                "preemptible": false
              }
            ],
            "secondary_disk": [],
            "service_account_id": "",
            "status": "running",
            "timeouts": null,
            "zone": "ru-central1-a"
          },
          "sensitive_attributes": [],
          "private": "eyJlMmJmYjczMC1lY2FhLTExZTYtOGY4OC0zNDM2M2JjN2M0YzAiOnsiY3JlYXRlIjozMDAwMDAwMDAwMDAsImRlbGV0ZSI6MzAwMDAwMDAwMDAwLCJ1cGRhdGUiOjMwMDAwMDAwMDAwMH0sInNjaGVtYV92ZXJzaW9uIjoiMSJ9",
          "dependencies": [
            "yandex_vpc_network.network-1",
            "yandex_vpc_subnet.subnet-1"
          ]
        }
      ]
    },
    {
      "mode": "managed",
      "type": "yandex_compute_instance",
      "name": "vm-2",
      "provider": "provider[\"terraform-registry.storage.yandexcloud.net/yandex-cloud/yandex\"]",
      "instances": [
        {
          "schema_version": 1,
          "attributes": {
            "allow_stopping_for_update": null,
            "boot_disk": [
              {
                "auto_delete": true,
                "device_name": "fhm3uf4ko72vom3iu9un",
                "disk_id": "fhm3uf4ko72vom3iu9un",
                "initialize_params": [
                  {
                    "block_size": 4096,
                    "description": "",
                    "image_id": "fd804nmi5gak42ae1dcq",
                    "name": "",
                    "size": 8,
                    "snapshot_id": "",
                    "type": "network-hdd"
                  }
                ],
                "mode": "READ_WRITE"
              }
            ],
            "created_at": "2022-05-29T09:30:14Z",
            "description": "",
            "folder_id": "b1gpmkgkelhh6qkiv6ph",
            "fqdn": "fhmucn0eb641agpdhuuf.auto.internal",
            "hostname": "fhmucn0eb641agpdhuuf",
            "id": "fhmucn0eb641agpdhuuf",
            "labels": null,
            "metadata": {
              "user-data": "#cloud-config\nusers:\n  - name: debain\n    groups: sudo\n    shell: /bin/bash\n    sudo: ['ALL=(ALL) NOPASSWD:ALL']\n    ssh-authorized-keys:\n      - ssh-rsa AAAAB3NzaC1yc2EAAAADAQABAAABAQDN+RyeTGVn5yb0ee7UUFlVPiZ966J0jIhYSBrzOVacIuOI94lTg2fZ3kPrgZmPfwe6VHJ6nAUmdtNTMQecKkSarPMEBLadiVx8ampXisZIVUx0T2/UyF0bXNVnpp+IX9woZTcwX7z/QNtDWq9makEzN+w6F8C4YpIrRI56wMnWfByFnk7TXLl+sPm68+a+TSAv9SenmhxskmlrqdTDrkrXxkdAYJOMZ8BNjJr+yTBb/HLRSNv29OC8xoo+TkKoAJ8G6w5iaZ30qv0PZbdKe7VkYOsA4+t7rRO/cAitAGh0v2FvdrD+XWlIdf4F6FptEeYRY4v8Fak5q2O7SLIGSCML debain@example.com\n"
            },
            "name": "terraform2-front",
            "network_acceleration_type": "standard",
            "network_interface": [
              {
                "dns_record": [],
                "index": 0,
                "ip_address": "192.168.10.21",
                "ipv4": true,
                "ipv6": false,
                "ipv6_address": "",
                "ipv6_dns_record": [],
                "mac_address": "d0:0d:1e:65:c0:e5",
                "nat": true,
                "nat_dns_record": [],
                "nat_ip_address": "51.250.85.153",
                "nat_ip_version": "IPV4",
                "security_group_ids": [],
                "subnet_id": "e9b5d5dviei3bl4tmpf0"
              }
            ],
            "placement_policy": [
              {
                "placement_group_id": ""
              }
            ],
            "platform_id": "standard-v1",
            "resources": [
              {
                "core_fraction": 100,
                "cores": 2,
                "gpus": 0,
                "memory": 2
              }
            ],
            "scheduling_policy": [
              {
                "preemptible": false
              }
            ],
            "secondary_disk": [],
            "service_account_id": "",
            "status": "running",
            "timeouts": null,
            "zone": "ru-central1-a"
          },
          "sensitive_attributes": [],
          "private": "eyJlMmJmYjczMC1lY2FhLTExZTYtOGY4OC0zNDM2M2JjN2M0YzAiOnsiY3JlYXRlIjozMDAwMDAwMDAwMDAsImRlbGV0ZSI6MzAwMDAwMDAwMDAwLCJ1cGRhdGUiOjMwMDAwMDAwMDAwMH0sInNjaGVtYV92ZXJzaW9uIjoiMSJ9",
          "dependencies": [
            "yandex_vpc_network.network-1",
            "yandex_vpc_subnet.subnet-1"
          ]
        }
      ]
    },
    {
      "mode": "managed",
      "type": "yandex_compute_instance",
      "name": "vm-3",
      "provider": "provider[\"terraform-registry.storage.yandexcloud.net/yandex-cloud/yandex\"]",
      "instances": [
        {
          "schema_version": 1,
          "attributes": {
            "allow_stopping_for_update": null,
            "boot_disk": [
              {
                "auto_delete": true,
                "device_name": "fhm9rau82ajok3tti3kk",
                "disk_id": "fhm9rau82ajok3tti3kk",
                "initialize_params": [
                  {
                    "block_size": 4096,
                    "description": "",
                    "image_id": "fd804nmi5gak42ae1dcq",
                    "name": "",
                    "size": 8,
                    "snapshot_id": "",
                    "type": "network-hdd"
                  }
                ],
                "mode": "READ_WRITE"
              }
            ],
            "created_at": "2022-05-29T09:30:14Z",
            "description": "",
            "folder_id": "b1gpmkgkelhh6qkiv6ph",
            "fqdn": "fhmr9ubh3krn0kgsk6qh.auto.internal",
            "hostname": "fhmr9ubh3krn0kgsk6qh",
            "id": "fhmr9ubh3krn0kgsk6qh",
            "labels": null,
            "metadata": {
              "user-data": "#cloud-config\nusers:\n  - name: debain\n    groups: sudo\n    shell: /bin/bash\n    sudo: ['ALL=(ALL) NOPASSWD:ALL']\n    ssh-authorized-keys:\n      - ssh-rsa AAAAB3NzaC1yc2EAAAADAQABAAABAQDN+RyeTGVn5yb0ee7UUFlVPiZ966J0jIhYSBrzOVacIuOI94lTg2fZ3kPrgZmPfwe6VHJ6nAUmdtNTMQecKkSarPMEBLadiVx8ampXisZIVUx0T2/UyF0bXNVnpp+IX9woZTcwX7z/QNtDWq9makEzN+w6F8C4YpIrRI56wMnWfByFnk7TXLl+sPm68+a+TSAv9SenmhxskmlrqdTDrkrXxkdAYJOMZ8BNjJr+yTBb/HLRSNv29OC8xoo+TkKoAJ8G6w5iaZ30qv0PZbdKe7VkYOsA4+t7rRO/cAitAGh0v2FvdrD+XWlIdf4F6FptEeYRY4v8Fak5q2O7SLIGSCML debain@example.com\n"
            },
            "name": "terraform1-back",
            "network_acceleration_type": "standard",
            "network_interface": [
              {
                "dns_record": [],
                "index": 0,
                "ip_address": "192.168.10.13",
                "ipv4": true,
                "ipv6": false,
                "ipv6_address": "",
                "ipv6_dns_record": [],
                "mac_address": "d0:0d:1b:4f:97:11",
                "nat": true,
                "nat_dns_record": [],
                "nat_ip_address": "51.250.85.93",
                "nat_ip_version": "IPV4",
                "security_group_ids": [],
                "subnet_id": "e9b5d5dviei3bl4tmpf0"
              }
            ],
            "placement_policy": [
              {
                "placement_group_id": ""
              }
            ],
            "platform_id": "standard-v1",
            "resources": [
              {
                "core_fraction": 100,
                "cores": 2,
                "gpus": 0,
                "memory": 2
              }
            ],
            "scheduling_policy": [
              {
                "preemptible": false
              }
            ],
            "secondary_disk": [],
            "service_account_id": "",
            "status": "running",
            "timeouts": null,
            "zone": "ru-central1-a"
          },
          "sensitive_attributes": [],
          "private": "eyJlMmJmYjczMC1lY2FhLTExZTYtOGY4OC0zNDM2M2JjN2M0YzAiOnsiY3JlYXRlIjozMDAwMDAwMDAwMDAsImRlbGV0ZSI6MzAwMDAwMDAwMDAwLCJ1cGRhdGUiOjMwMDAwMDAwMDAwMH0sInNjaGVtYV92ZXJzaW9uIjoiMSJ9",
          "dependencies": [
            "yandex_vpc_network.network-1",
            "yandex_vpc_subnet.subnet-1"
          ]
        }
      ]
    },
    {
      "mode": "managed",
      "type": "yandex_vpc_network",
      "name": "network-1",
      "provider": "provider[\"terraform-registry.storage.yandexcloud.net/yandex-cloud/yandex\"]",
      "instances": [
        {
          "schema_version": 0,
          "attributes": {
            "created_at": "2022-05-29T09:30:11Z",
            "default_security_group_id": "",
            "description": "",
            "folder_id": "b1gpmkgkelhh6qkiv6ph",
            "id": "enp40grkh411pfp4cbh1",
            "labels": {},
            "name": "network1",
            "subnet_ids": [],
            "timeouts": null
          },
          "sensitive_attributes": [],
          "private": "eyJlMmJmYjczMC1lY2FhLTExZTYtOGY4OC0zNDM2M2JjN2M0YzAiOnsiY3JlYXRlIjo2MDAwMDAwMDAwMCwiZGVsZXRlIjo2MDAwMDAwMDAwMCwidXBkYXRlIjo2MDAwMDAwMDAwMH19"
        }
      ]
    },
    {
      "mode": "managed",
      "type": "yandex_vpc_security_group",
      "name": "group1",
      "provider": "provider[\"terraform-registry.storage.yandexcloud.net/yandex-cloud/yandex\"]",
      "instances": [
        {
          "schema_version": 0,
          "attributes": {
            "created_at": "2022-05-29T09:30:13Z",
            "description": "description for my security group",
            "egress": [
              {
                "description": "",
                "from_port": -1,
                "id": "enpsqad05nchfktueqv8",
                "labels": {},
                "port": 0,
                "predefined_target": "",
                "protocol": "TCP",
                "security_group_id": "",
                "to_port": -1,
                "v4_cidr_blocks": [
                  "0.0.0.0/0"
                ],
                "v6_cidr_blocks": []
              }
            ],
            "folder_id": "b1gpmkgkelhh6qkiv6ph",
            "id": "enpu1hkntg7pbgnb6s4l",
            "ingress": [
              {
                "description": "",
                "from_port": -1,
                "id": "enpai7nv4o8ijfd2f6sn",
                "labels": {},
                "port": 22,
                "predefined_target": "",
                "protocol": "TCP",
                "security_group_id": "",
                "to_port": -1,
                "v4_cidr_blocks": [
                  "0.0.0.0/0"
                ],
                "v6_cidr_blocks": []
              },
              {
                "description": "",
                "from_port": -1,
                "id": "enpjc5u335uo9sbiat31",
                "labels": {},
                "port": 81,
                "predefined_target": "",
                "protocol": "TCP",
                "security_group_id": "",
                "to_port": -1,
                "v4_cidr_blocks": [
                  "0.0.0.0/0"
                ],
                "v6_cidr_blocks": []
              },
              {
                "description": "",
                "from_port": -1,
                "id": "enpnr271lp2rq06rqv6t",
                "labels": {},
                "port": 80,
                "predefined_target": "",
                "protocol": "TCP",
                "security_group_id": "",
                "to_port": -1,
                "v4_cidr_blocks": [
                  "0.0.0.0/0"
                ],
                "v6_cidr_blocks": []
              }
            ],
            "labels": {
              "my-label": "my-label-value"
            },
            "name": "My security group",
            "network_id": "enp40grkh411pfp4cbh1",
            "status": "ACTIVE",
            "timeouts": null
          },
          "sensitive_attributes": [],
          "private": "eyJlMmJmYjczMC1lY2FhLTExZTYtOGY4OC0zNDM2M2JjN2M0YzAiOnsiY3JlYXRlIjoxODAwMDAwMDAwMDAsImRlbGV0ZSI6MTgwMDAwMDAwMDAwLCJ1cGRhdGUiOjE4MDAwMDAwMDAwMH19",
          "dependencies": [
            "yandex_vpc_network.network-1"
          ]
        }
      ]
    },
    {
      "mode": "managed",
      "type": "yandex_vpc_subnet",
      "name": "subnet-1",
      "provider": "provider[\"terraform-registry.storage.yandexcloud.net/yandex-cloud/yandex\"]",
      "instances": [
        {
          "schema_version": 0,
          "attributes": {
            "created_at": "2022-05-29T09:30:13Z",
            "description": "",
            "dhcp_options": [],
            "folder_id": "b1gpmkgkelhh6qkiv6ph",
            "id": "e9b5d5dviei3bl4tmpf0",
            "labels": {},
            "name": "subnet1",
            "network_id": "enp40grkh411pfp4cbh1",
            "route_table_id": "",
            "timeouts": null,
            "v4_cidr_blocks": [
              "192.168.10.0/24"
            ],
            "v6_cidr_blocks": [],
            "zone": "ru-central1-a"
          },
          "sensitive_attributes": [],
          "private": "eyJlMmJmYjczMC1lY2FhLTExZTYtOGY4OC0zNDM2M2JjN2M0YzAiOnsiY3JlYXRlIjoxODAwMDAwMDAwMDAsImRlbGV0ZSI6MTgwMDAwMDAwMDAwLCJ1cGRhdGUiOjE4MDAwMDAwMDAwMH19",
          "dependencies": [
            "yandex_vpc_network.network-1"
          ]
        }
      ]
    }
  ]
}
